<?xml version="1.0" encoding="UTF-8" standalone="yes" ?>
<CodeBlocks_project_file>
	<FileVersion major="1" minor="6" />
	<Project>
		<Option title="Lab4" />
		<Option pch_mode="2" />
		<Option compiler="gcc" />
		<Build>
			<Target title="Debug">
				<Option output="bin/Debug/Lab4" prefix_auto="1" extension_auto="1" />
				<Option object_output="obj/Debug/" />
				<Option type="1" />
				<Option compiler="gcc" />
				<Compiler>
					<Add option="-g" />
				</Compiler>
			</Target>
			<Target title="Release">
				<Option output="bin/Release/Lab4" prefix_auto="1" extension_auto="1" />
				<Option object_output="obj/Release/" />
				<Option type="1" />
				<Option compiler="gcc" />
				<Compiler>
					<Add option="-O2" />
				</Compiler>
				<Linker>
					<Add option="-s" />
				</Linker>
			</Target>
		</Build>
		<Compiler>
			<Add option="-Wall" />
			<Add option="-fexceptions" />
		</Compiler>
		<Unit filename="include/CostDistanceInfo.h" />
		<Unit filename="include/Generator.h" />
		<Unit filename="include/HandleData.h" />
		<Unit filename="include/InterNodeNeighbourhoodMove.h" />
		<Unit filename="include/InterNodeNeighbourhoodMoveLocalSearch.h" />
		<Unit filename="include/IntraNodeChangeEdgeNeighbourhoodMove.h" />
		<Unit filename="include/IntraNodeChangeEdgeNeighbourhoodMoveLocalSearch.h" />
		<Unit filename="include/LocalSearchCandidateMovesGenerator.h" />
		<Unit filename="include/LocalSearchGenerator.h" />
		<Unit filename="include/NeighbourhoodMove.h" />
		<Unit filename="include/Node.h" />
		<Unit filename="include/RandomHamiltonianCycleGenerator.h" />
		<Unit filename="main.cpp" />
		<Unit filename="src/CostDistanceInfo.cpp" />
		<Unit filename="src/Generator.cpp" />
		<Unit filename="src/HandleData.cpp" />
		<Unit filename="src/InterNodeNeighbourhoodMove.cpp" />
		<Unit filename="src/InterNodeNeighbourhoodMoveLocalSearch.cpp" />
		<Unit filename="src/IntraNodeChangeEdgeNeighbourhoodMove.cpp" />
		<Unit filename="src/IntraNodeChangeEdgeNeighbourhoodMoveLocalSearch.cpp" />
		<Unit filename="src/LocalSearchCandidateMovesGenerator.cpp" />
		<Unit filename="src/LocalSearchGenerator.cpp" />
		<Unit filename="src/NeighbourhoodMove.cpp" />
		<Unit filename="src/Node.cpp" />
		<Unit filename="src/RandomHamiltonianCycleGenerator.cpp" />
		<Extensions>
			<lib_finder disable_auto="1" />
		</Extensions>
	</Project>
</CodeBlocks_project_file>
